// !$*UTF8*$!
{
	archiveVersion = 1;
	classes = {
	};
	objectVersion = 51;
	objects = {

/* Begin PBXBuildFile section */
		AD041CAE246DC8D9008308E5 /* GoogleService-Info.plist in Resources */ = {isa = PBXBuildFile; fileRef = AD041CAD246DC8D9008308E5 /* GoogleService-Info.plist */; };
		AD1E06F624656083006DE8EF /* AgesTableViewCell.swift in Sources */ = {isa = PBXBuildFile; fileRef = AD1E06F524656083006DE8EF /* AgesTableViewCell.swift */; };
		AD5DFCCD246C34EA0067ACBF /* ChildrenService.swift in Sources */ = {isa = PBXBuildFile; fileRef = AD5DFCCC246C34EA0067ACBF /* ChildrenService.swift */; };
		AD5DFCD6246C65BB0067ACBF /* TravelViewController.swift in Sources */ = {isa = PBXBuildFile; fileRef = AD5DFCD5246C65BB0067ACBF /* TravelViewController.swift */; };
		AD5DFCD8246C81AD0067ACBF /* GameViewController.swift in Sources */ = {isa = PBXBuildFile; fileRef = AD5DFCD7246C81AD0067ACBF /* GameViewController.swift */; };
		AD5DFCDB246C85F80067ACBF /* ChildrenTableViewCell.swift in Sources */ = {isa = PBXBuildFile; fileRef = AD5DFCDA246C85F80067ACBF /* ChildrenTableViewCell.swift */; };
		AD5DFCDF246C89150067ACBF /* EditChildViewController.swift in Sources */ = {isa = PBXBuildFile; fileRef = AD5DFCDE246C89150067ACBF /* EditChildViewController.swift */; };
		AD6612E42469DE6900E054C3 /* Child.swift in Sources */ = {isa = PBXBuildFile; fileRef = AD6612E32469DE6900E054C3 /* Child.swift */; };
		AD6612E9246B3CAE00E054C3 /* InstallationTableViewCell.swift in Sources */ = {isa = PBXBuildFile; fileRef = AD6612E8246B3CAE00E054C3 /* InstallationTableViewCell.swift */; };
		AD73E8B724655E330079F025 /* NamesTableViewCell.swift in Sources */ = {isa = PBXBuildFile; fileRef = AD73E8B624655E330079F025 /* NamesTableViewCell.swift */; };
		ADADD036248FB60600AFDF77 /* SleepViewController.swift in Sources */ = {isa = PBXBuildFile; fileRef = ADADD035248FB60600AFDF77 /* SleepViewController.swift */; };
		ADADD038248FBE9E00AFDF77 /* TravelTableViewCell.swift in Sources */ = {isa = PBXBuildFile; fileRef = ADADD037248FBE9E00AFDF77 /* TravelTableViewCell.swift */; };
		ADADD03B248FD02800AFDF77 /* utils.swift in Sources */ = {isa = PBXBuildFile; fileRef = ADADD03A248FD02800AFDF77 /* utils.swift */; };
		ADADD03D248FD15F00AFDF77 /* UIColorExtension.swift in Sources */ = {isa = PBXBuildFile; fileRef = ADADD03C248FD15F00AFDF77 /* UIColorExtension.swift */; };
		ADADD03F2490153700AFDF77 /* SleepTableViewCell.swift in Sources */ = {isa = PBXBuildFile; fileRef = ADADD03E2490153700AFDF77 /* SleepTableViewCell.swift */; };
		ADADD041249015F800AFDF77 /* Sleep.swift in Sources */ = {isa = PBXBuildFile; fileRef = ADADD040249015F800AFDF77 /* Sleep.swift */; };
		ADADD0432490C06400AFDF77 /* SleepService.swift in Sources */ = {isa = PBXBuildFile; fileRef = ADADD0422490C06400AFDF77 /* SleepService.swift */; };
		ADC70F0F248E9F4200C88FBF /* BowlbyOne-Regular.ttf in Resources */ = {isa = PBXBuildFile; fileRef = ADC70F0E248E9F4200C88FBF /* BowlbyOne-Regular.ttf */; };
		ADC70F11248E9F9D00C88FBF /* PTSans-Bold.ttf in Resources */ = {isa = PBXBuildFile; fileRef = ADC70F10248E9F9D00C88FBF /* PTSans-Bold.ttf */; };
		ADC70F13248EA0A100C88FBF /* PTSans-Regular.ttf in Resources */ = {isa = PBXBuildFile; fileRef = ADC70F12248EA0A100C88FBF /* PTSans-Regular.ttf */; };
		ADC70F15248EAA8C00C88FBF /* SourceSansPro-Bold.ttf in Resources */ = {isa = PBXBuildFile; fileRef = ADC70F14248EAA8B00C88FBF /* SourceSansPro-Bold.ttf */; };
		ADDCC80B248FABED00BF5105 /* CGPointExtensions.swift in Sources */ = {isa = PBXBuildFile; fileRef = ADDCC80A248FABED00BF5105 /* CGPointExtensions.swift */; };
		ADEA05E0246D403000901D9E /* GamesCollectionViewCell.swift in Sources */ = {isa = PBXBuildFile; fileRef = ADEA05DF246D403000901D9E /* GamesCollectionViewCell.swift */; };
		ADEA05E2246D41C200901D9E /* Game.swift in Sources */ = {isa = PBXBuildFile; fileRef = ADEA05E1246D41C200901D9E /* Game.swift */; };
		ADEA05E4246D440A00901D9E /* GameService.swift in Sources */ = {isa = PBXBuildFile; fileRef = ADEA05E3246D440A00901D9E /* GameService.swift */; };
		ADF939322464631D00E1CD01 /* AppDelegate.swift in Sources */ = {isa = PBXBuildFile; fileRef = ADF939312464631D00E1CD01 /* AppDelegate.swift */; };
		ADF939342464631D00E1CD01 /* SceneDelegate.swift in Sources */ = {isa = PBXBuildFile; fileRef = ADF939332464631D00E1CD01 /* SceneDelegate.swift */; };
		ADF939362464631D00E1CD01 /* HomeViewController.swift in Sources */ = {isa = PBXBuildFile; fileRef = ADF939352464631D00E1CD01 /* HomeViewController.swift */; };
		ADF939392464631D00E1CD01 /* Main.storyboard in Resources */ = {isa = PBXBuildFile; fileRef = ADF939372464631D00E1CD01 /* Main.storyboard */; };
		ADF9393B2464632100E1CD01 /* Assets.xcassets in Resources */ = {isa = PBXBuildFile; fileRef = ADF9393A2464632100E1CD01 /* Assets.xcassets */; };
		ADF9393E2464632100E1CD01 /* LaunchScreen.storyboard in Resources */ = {isa = PBXBuildFile; fileRef = ADF9393C2464632100E1CD01 /* LaunchScreen.storyboard */; };
		ADF9394924646AF200E1CD01 /* InstallationViewController.swift in Sources */ = {isa = PBXBuildFile; fileRef = ADF9394824646AF200E1CD01 /* InstallationViewController.swift */; };
		ADF9394B24646B1800E1CD01 /* MapViewController.swift in Sources */ = {isa = PBXBuildFile; fileRef = ADF9394A24646B1800E1CD01 /* MapViewController.swift */; };
		ADF9394D24646B2E00E1CD01 /* SettingsViewController.swift in Sources */ = {isa = PBXBuildFile; fileRef = ADF9394C24646B2E00E1CD01 /* SettingsViewController.swift */; };
		ADF9395024646B6500E1CD01 /* ChildrenViewController.swift in Sources */ = {isa = PBXBuildFile; fileRef = ADF9394F24646B6500E1CD01 /* ChildrenViewController.swift */; };
		ADF9395224646B7400E1CD01 /* GamesViewController.swift in Sources */ = {isa = PBXBuildFile; fileRef = ADF9395124646B7400E1CD01 /* GamesViewController.swift */; };
		ADF9395724646E4E00E1CD01 /* NumberViewController.swift in Sources */ = {isa = PBXBuildFile; fileRef = ADF9395624646E4E00E1CD01 /* NumberViewController.swift */; };
		ADF9395924646E7200E1CD01 /* NamesViewController.swift in Sources */ = {isa = PBXBuildFile; fileRef = ADF9395824646E7200E1CD01 /* NamesViewController.swift */; };
		ADF9395B24646E7F00E1CD01 /* AgesViewController.swift in Sources */ = {isa = PBXBuildFile; fileRef = ADF9395A24646E7F00E1CD01 /* AgesViewController.swift */; };
		C3DFED49DF91922C6DA05A08 /* Pods_Kigo_iPhone.framework in Frameworks */ = {isa = PBXBuildFile; fileRef = 94E1794C9B5FA0BF9101906E /* Pods_Kigo_iPhone.framework */; };
/* End PBXBuildFile section */

/* Begin PBXFileReference section */
		94E1794C9B5FA0BF9101906E /* Pods_Kigo_iPhone.framework */ = {isa = PBXFileReference; explicitFileType = wrapper.framework; includeInIndex = 0; path = Pods_Kigo_iPhone.framework; sourceTree = BUILT_PRODUCTS_DIR; };
		AD041CAD246DC8D9008308E5 /* GoogleService-Info.plist */ = {isa = PBXFileReference; lastKnownFileType = text.plist.xml; name = "GoogleService-Info.plist"; path = "../../../../../Downloads/GoogleService-Info.plist"; sourceTree = "<group>"; };
		AD1E06F524656083006DE8EF /* AgesTableViewCell.swift */ = {isa = PBXFileReference; lastKnownFileType = sourcecode.swift; path = AgesTableViewCell.swift; sourceTree = "<group>"; };
		AD5DFCCC246C34EA0067ACBF /* ChildrenService.swift */ = {isa = PBXFileReference; lastKnownFileType = sourcecode.swift; path = ChildrenService.swift; sourceTree = "<group>"; };
		AD5DFCD5246C65BB0067ACBF /* TravelViewController.swift */ = {isa = PBXFileReference; lastKnownFileType = sourcecode.swift; path = TravelViewController.swift; sourceTree = "<group>"; };
		AD5DFCD7246C81AD0067ACBF /* GameViewController.swift */ = {isa = PBXFileReference; lastKnownFileType = sourcecode.swift; path = GameViewController.swift; sourceTree = "<group>"; };
		AD5DFCDA246C85F80067ACBF /* ChildrenTableViewCell.swift */ = {isa = PBXFileReference; lastKnownFileType = sourcecode.swift; path = ChildrenTableViewCell.swift; sourceTree = "<group>"; };
		AD5DFCDE246C89150067ACBF /* EditChildViewController.swift */ = {isa = PBXFileReference; lastKnownFileType = sourcecode.swift; path = EditChildViewController.swift; sourceTree = "<group>"; };
		AD6612E32469DE6900E054C3 /* Child.swift */ = {isa = PBXFileReference; lastKnownFileType = sourcecode.swift; path = Child.swift; sourceTree = "<group>"; };
		AD6612E8246B3CAE00E054C3 /* InstallationTableViewCell.swift */ = {isa = PBXFileReference; lastKnownFileType = sourcecode.swift; path = InstallationTableViewCell.swift; sourceTree = "<group>"; };
		AD73E8B624655E330079F025 /* NamesTableViewCell.swift */ = {isa = PBXFileReference; lastKnownFileType = sourcecode.swift; path = NamesTableViewCell.swift; sourceTree = "<group>"; };
		ADADD035248FB60600AFDF77 /* SleepViewController.swift */ = {isa = PBXFileReference; lastKnownFileType = sourcecode.swift; path = SleepViewController.swift; sourceTree = "<group>"; };
		ADADD037248FBE9E00AFDF77 /* TravelTableViewCell.swift */ = {isa = PBXFileReference; lastKnownFileType = sourcecode.swift; path = TravelTableViewCell.swift; sourceTree = "<group>"; };
		ADADD03A248FD02800AFDF77 /* utils.swift */ = {isa = PBXFileReference; lastKnownFileType = sourcecode.swift; path = utils.swift; sourceTree = "<group>"; };
		ADADD03C248FD15F00AFDF77 /* UIColorExtension.swift */ = {isa = PBXFileReference; lastKnownFileType = sourcecode.swift; path = UIColorExtension.swift; sourceTree = "<group>"; };
		ADADD03E2490153700AFDF77 /* SleepTableViewCell.swift */ = {isa = PBXFileReference; lastKnownFileType = sourcecode.swift; path = SleepTableViewCell.swift; sourceTree = "<group>"; };
		ADADD040249015F800AFDF77 /* Sleep.swift */ = {isa = PBXFileReference; lastKnownFileType = sourcecode.swift; path = Sleep.swift; sourceTree = "<group>"; };
		ADADD0422490C06400AFDF77 /* SleepService.swift */ = {isa = PBXFileReference; lastKnownFileType = sourcecode.swift; path = SleepService.swift; sourceTree = "<group>"; };
		ADC70F0E248E9F4200C88FBF /* BowlbyOne-Regular.ttf */ = {isa = PBXFileReference; lastKnownFileType = file; path = "BowlbyOne-Regular.ttf"; sourceTree = "<group>"; };
		ADC70F10248E9F9D00C88FBF /* PTSans-Bold.ttf */ = {isa = PBXFileReference; lastKnownFileType = file; path = "PTSans-Bold.ttf"; sourceTree = "<group>"; };
		ADC70F12248EA0A100C88FBF /* PTSans-Regular.ttf */ = {isa = PBXFileReference; lastKnownFileType = file; path = "PTSans-Regular.ttf"; sourceTree = "<group>"; };
		ADC70F14248EAA8B00C88FBF /* SourceSansPro-Bold.ttf */ = {isa = PBXFileReference; lastKnownFileType = file; path = "SourceSansPro-Bold.ttf"; sourceTree = "<group>"; };
		ADDCC80A248FABED00BF5105 /* CGPointExtensions.swift */ = {isa = PBXFileReference; lastKnownFileType = sourcecode.swift; path = CGPointExtensions.swift; sourceTree = "<group>"; };
		ADEA05DF246D403000901D9E /* GamesCollectionViewCell.swift */ = {isa = PBXFileReference; lastKnownFileType = sourcecode.swift; path = GamesCollectionViewCell.swift; sourceTree = "<group>"; };
		ADEA05E1246D41C200901D9E /* Game.swift */ = {isa = PBXFileReference; lastKnownFileType = sourcecode.swift; path = Game.swift; sourceTree = "<group>"; };
		ADEA05E3246D440A00901D9E /* GameService.swift */ = {isa = PBXFileReference; lastKnownFileType = sourcecode.swift; path = GameService.swift; sourceTree = "<group>"; };
		ADF9392E2464631D00E1CD01 /* Kigo-iPhone.app */ = {isa = PBXFileReference; explicitFileType = wrapper.application; includeInIndex = 0; path = "Kigo-iPhone.app"; sourceTree = BUILT_PRODUCTS_DIR; };
		ADF939312464631D00E1CD01 /* AppDelegate.swift */ = {isa = PBXFileReference; lastKnownFileType = sourcecode.swift; path = AppDelegate.swift; sourceTree = "<group>"; };
		ADF939332464631D00E1CD01 /* SceneDelegate.swift */ = {isa = PBXFileReference; lastKnownFileType = sourcecode.swift; path = SceneDelegate.swift; sourceTree = "<group>"; };
		ADF939352464631D00E1CD01 /* HomeViewController.swift */ = {isa = PBXFileReference; lastKnownFileType = sourcecode.swift; path = HomeViewController.swift; sourceTree = "<group>"; };
		ADF939382464631D00E1CD01 /* Base */ = {isa = PBXFileReference; lastKnownFileType = file.storyboard; name = Base; path = Base.lproj/Main.storyboard; sourceTree = "<group>"; };
		ADF9393A2464632100E1CD01 /* Assets.xcassets */ = {isa = PBXFileReference; lastKnownFileType = folder.assetcatalog; path = Assets.xcassets; sourceTree = "<group>"; };
		ADF9393D2464632100E1CD01 /* Base */ = {isa = PBXFileReference; lastKnownFileType = file.storyboard; name = Base; path = Base.lproj/LaunchScreen.storyboard; sourceTree = "<group>"; };
		ADF9393F2464632100E1CD01 /* Info.plist */ = {isa = PBXFileReference; lastKnownFileType = text.plist.xml; path = Info.plist; sourceTree = "<group>"; };
		ADF9394824646AF200E1CD01 /* InstallationViewController.swift */ = {isa = PBXFileReference; lastKnownFileType = sourcecode.swift; path = InstallationViewController.swift; sourceTree = "<group>"; };
		ADF9394A24646B1800E1CD01 /* MapViewController.swift */ = {isa = PBXFileReference; lastKnownFileType = sourcecode.swift; path = MapViewController.swift; sourceTree = "<group>"; };
		ADF9394C24646B2E00E1CD01 /* SettingsViewController.swift */ = {isa = PBXFileReference; lastKnownFileType = sourcecode.swift; path = SettingsViewController.swift; sourceTree = "<group>"; };
		ADF9394F24646B6500E1CD01 /* ChildrenViewController.swift */ = {isa = PBXFileReference; lastKnownFileType = sourcecode.swift; path = ChildrenViewController.swift; sourceTree = "<group>"; };
		ADF9395124646B7400E1CD01 /* GamesViewController.swift */ = {isa = PBXFileReference; lastKnownFileType = sourcecode.swift; path = GamesViewController.swift; sourceTree = "<group>"; };
		ADF9395624646E4E00E1CD01 /* NumberViewController.swift */ = {isa = PBXFileReference; lastKnownFileType = sourcecode.swift; path = NumberViewController.swift; sourceTree = "<group>"; };
		ADF9395824646E7200E1CD01 /* NamesViewController.swift */ = {isa = PBXFileReference; lastKnownFileType = sourcecode.swift; path = NamesViewController.swift; sourceTree = "<group>"; };
		ADF9395A24646E7F00E1CD01 /* AgesViewController.swift */ = {isa = PBXFileReference; lastKnownFileType = sourcecode.swift; path = AgesViewController.swift; sourceTree = "<group>"; };
		C9FFC21DE9F1F6914AD68358 /* Pods-Kigo-iPhone.release.xcconfig */ = {isa = PBXFileReference; includeInIndex = 1; lastKnownFileType = text.xcconfig; name = "Pods-Kigo-iPhone.release.xcconfig"; path = "Target Support Files/Pods-Kigo-iPhone/Pods-Kigo-iPhone.release.xcconfig"; sourceTree = "<group>"; };
		D9924C9975F76644336A9F51 /* Pods-Kigo-iPhone.debug.xcconfig */ = {isa = PBXFileReference; includeInIndex = 1; lastKnownFileType = text.xcconfig; name = "Pods-Kigo-iPhone.debug.xcconfig"; path = "Target Support Files/Pods-Kigo-iPhone/Pods-Kigo-iPhone.debug.xcconfig"; sourceTree = "<group>"; };
/* End PBXFileReference section */

/* Begin PBXFrameworksBuildPhase section */
		ADF9392B2464631D00E1CD01 /* Frameworks */ = {
			isa = PBXFrameworksBuildPhase;
			buildActionMask = 2147483647;
			files = (
				C3DFED49DF91922C6DA05A08 /* Pods_Kigo_iPhone.framework in Frameworks */,
			);
			runOnlyForDeploymentPostprocessing = 0;
		};
/* End PBXFrameworksBuildPhase section */

/* Begin PBXGroup section */
		56B58562DDF1F12A7730D67F /* Frameworks */ = {
			isa = PBXGroup;
			children = (
				94E1794C9B5FA0BF9101906E /* Pods_Kigo_iPhone.framework */,
			);
			name = Frameworks;
			sourceTree = "<group>";
		};
		9A0A104B2DDEE6A31D2E5742 /* Pods */ = {
			isa = PBXGroup;
			children = (
				D9924C9975F76644336A9F51 /* Pods-Kigo-iPhone.debug.xcconfig */,
				C9FFC21DE9F1F6914AD68358 /* Pods-Kigo-iPhone.release.xcconfig */,
			);
			path = Pods;
			sourceTree = "<group>";
		};
		AD5DFCCB246C34D70067ACBF /* services */ = {
			isa = PBXGroup;
			children = (
				AD5DFCCC246C34EA0067ACBF /* ChildrenService.swift */,
				ADEA05E3246D440A00901D9E /* GameService.swift */,
				ADADD0422490C06400AFDF77 /* SleepService.swift */,
			);
			path = services;
			sourceTree = "<group>";
		};
		AD5DFCD3246C659E0067ACBF /* travel */ = {
			isa = PBXGroup;
			children = (
				AD5DFCD5246C65BB0067ACBF /* TravelViewController.swift */,
				AD5DFCD7246C81AD0067ACBF /* GameViewController.swift */,
				ADADD035248FB60600AFDF77 /* SleepViewController.swift */,
			);
			path = travel;
			sourceTree = "<group>";
		};
		AD5DFCD9246C842C0067ACBF /* cells */ = {
			isa = PBXGroup;
			children = (
				AD5DFCDA246C85F80067ACBF /* ChildrenTableViewCell.swift */,
				ADEA05DF246D403000901D9E /* GamesCollectionViewCell.swift */,
			);
			path = cells;
			sourceTree = "<group>";
		};
		AD6612E22469DE5800E054C3 /* models */ = {
			isa = PBXGroup;
			children = (
				AD6612E32469DE6900E054C3 /* Child.swift */,
				ADEA05E1246D41C200901D9E /* Game.swift */,
				ADADD040249015F800AFDF77 /* Sleep.swift */,
			);
			path = models;
			sourceTree = "<group>";
		};
		AD6612E7246B3C9C00E054C3 /* cells */ = {
			isa = PBXGroup;
			children = (
				AD6612E8246B3CAE00E054C3 /* InstallationTableViewCell.swift */,
				ADADD037248FBE9E00AFDF77 /* TravelTableViewCell.swift */,
				ADADD03E2490153700AFDF77 /* SleepTableViewCell.swift */,
			);
			path = cells;
			sourceTree = "<group>";
		};
		AD73E8B224655DB50079F025 /* controllers */ = {
			isa = PBXGroup;
			children = (
				ADF9394C24646B2E00E1CD01 /* SettingsViewController.swift */,
				ADF9394F24646B6500E1CD01 /* ChildrenViewController.swift */,
				ADF9395124646B7400E1CD01 /* GamesViewController.swift */,
				AD5DFCDE246C89150067ACBF /* EditChildViewController.swift */,
			);
			path = controllers;
			sourceTree = "<group>";
		};
		AD73E8B324655DD90079F025 /* controllers */ = {
			isa = PBXGroup;
			children = (
				ADF9395624646E4E00E1CD01 /* NumberViewController.swift */,
				ADF9395824646E7200E1CD01 /* NamesViewController.swift */,
				ADF9395A24646E7F00E1CD01 /* AgesViewController.swift */,
			);
			path = controllers;
			sourceTree = "<group>";
		};
		AD73E8B424655DE30079F025 /* cells */ = {
			isa = PBXGroup;
			children = (
				AD73E8B624655E330079F025 /* NamesTableViewCell.swift */,
				AD1E06F524656083006DE8EF /* AgesTableViewCell.swift */,
			);
			path = cells;
			sourceTree = "<group>";
		};
		AD73E8B524655DEE0079F025 /* controllers */ = {
			isa = PBXGroup;
			children = (
				AD5DFCD3246C659E0067ACBF /* travel */,
				ADF9394824646AF200E1CD01 /* InstallationViewController.swift */,
				ADF9394A24646B1800E1CD01 /* MapViewController.swift */,
			);
			path = controllers;
			sourceTree = "<group>";
		};
		ADC70F0D248E9F1500C88FBF /* fonts */ = {
			isa = PBXGroup;
			children = (
				ADC70F12248EA0A100C88FBF /* PTSans-Regular.ttf */,
				ADC70F10248E9F9D00C88FBF /* PTSans-Bold.ttf */,
				ADC70F0E248E9F4200C88FBF /* BowlbyOne-Regular.ttf */,
				ADC70F14248EAA8B00C88FBF /* SourceSansPro-Bold.ttf */,
			);
			path = fonts;
			sourceTree = "<group>";
		};
		ADDCC809248FABD700BF5105 /* extensiona */ = {
			isa = PBXGroup;
			children = (
				ADDCC80A248FABED00BF5105 /* CGPointExtensions.swift */,
				ADADD03C248FD15F00AFDF77 /* UIColorExtension.swift */,
			);
			path = extensiona;
			sourceTree = "<group>";
		};
		ADF939252464631D00E1CD01 = {
			isa = PBXGroup;
			children = (
				ADF939302464631D00E1CD01 /* Kigo-iPhone */,
				ADF9392F2464631D00E1CD01 /* Products */,
				9A0A104B2DDEE6A31D2E5742 /* Pods */,
				56B58562DDF1F12A7730D67F /* Frameworks */,
			);
			sourceTree = "<group>";
		};
		ADF9392F2464631D00E1CD01 /* Products */ = {
			isa = PBXGroup;
			children = (
				ADF9392E2464631D00E1CD01 /* Kigo-iPhone.app */,
			);
			name = Products;
			sourceTree = "<group>";
		};
		ADF939302464631D00E1CD01 /* Kigo-iPhone */ = {
			isa = PBXGroup;
			children = (
				ADDCC809248FABD700BF5105 /* extensiona */,
				ADC70F0D248E9F1500C88FBF /* fonts */,
				AD5DFCCB246C34D70067ACBF /* services */,
				AD6612E22469DE5800E054C3 /* models */,
				ADF9394E24646B5000E1CD01 /* settings */,
				ADF9395324646E0B00E1CD01 /* trip */,
				ADF9395424646E1600E1CD01 /* configuration */,
				ADF939372464631D00E1CD01 /* Main.storyboard */,
				ADF939352464631D00E1CD01 /* HomeViewController.swift */,
				ADF9393A2464632100E1CD01 /* Assets.xcassets */,
				ADF939312464631D00E1CD01 /* AppDelegate.swift */,
				ADF939332464631D00E1CD01 /* SceneDelegate.swift */,
				ADF9393C2464632100E1CD01 /* LaunchScreen.storyboard */,
				AD041CAD246DC8D9008308E5 /* GoogleService-Info.plist */,
				ADF9393F2464632100E1CD01 /* Info.plist */,
				ADADD03A248FD02800AFDF77 /* utils.swift */,
			);
			path = "Kigo-iPhone";
			sourceTree = "<group>";
		};
		ADF9394E24646B5000E1CD01 /* settings */ = {
			isa = PBXGroup;
			children = (
				AD5DFCD9246C842C0067ACBF /* cells */,
				AD73E8B224655DB50079F025 /* controllers */,
			);
			path = settings;
			sourceTree = "<group>";
		};
		ADF9395324646E0B00E1CD01 /* trip */ = {
			isa = PBXGroup;
			children = (
				AD6612E7246B3C9C00E054C3 /* cells */,
				AD73E8B524655DEE0079F025 /* controllers */,
			);
			path = trip;
			sourceTree = "<group>";
		};
		ADF9395424646E1600E1CD01 /* configuration */ = {
			isa = PBXGroup;
			children = (
				ADF9395524646E3800E1CD01 /* children */,
			);
			path = configuration;
			sourceTree = "<group>";
		};
		ADF9395524646E3800E1CD01 /* children */ = {
			isa = PBXGroup;
			children = (
				AD73E8B424655DE30079F025 /* cells */,
				AD73E8B324655DD90079F025 /* controllers */,
			);
			path = children;
			sourceTree = "<group>";
		};
/* End PBXGroup section */

/* Begin PBXNativeTarget section */
		ADF9392D2464631D00E1CD01 /* Kigo-iPhone */ = {
			isa = PBXNativeTarget;
			buildConfigurationList = ADF939422464632100E1CD01 /* Build configuration list for PBXNativeTarget "Kigo-iPhone" */;
			buildPhases = (
				70F8C6CD9A9A7DD2D2035796 /* [CP] Check Pods Manifest.lock */,
				ADF9392A2464631D00E1CD01 /* Sources */,
				ADF9392B2464631D00E1CD01 /* Frameworks */,
				ADF9392C2464631D00E1CD01 /* Resources */,
				94757A87CBE743523DE2C7A7 /* [CP] Embed Pods Frameworks */,
			);
			buildRules = (
			);
			dependencies = (
			);
			name = "Kigo-iPhone";
			productName = "Kigo-iPhone";
			productReference = ADF9392E2464631D00E1CD01 /* Kigo-iPhone.app */;
			productType = "com.apple.product-type.application";
		};
/* End PBXNativeTarget section */

/* Begin PBXProject section */
		ADF939262464631D00E1CD01 /* Project object */ = {
			isa = PBXProject;
			attributes = {
				LastSwiftUpdateCheck = 1130;
				LastUpgradeCheck = 1130;
				ORGANIZATIONNAME = blandinf;
				TargetAttributes = {
					ADF9392D2464631D00E1CD01 = {
						CreatedOnToolsVersion = 11.3.1;
					};
				};
			};
			buildConfigurationList = ADF939292464631D00E1CD01 /* Build configuration list for PBXProject "Kigo-iPhone" */;
			compatibilityVersion = "Xcode 9.3";
			developmentRegion = en;
			hasScannedForEncodings = 0;
			knownRegions = (
				en,
				Base,
			);
			mainGroup = ADF939252464631D00E1CD01;
			productRefGroup = ADF9392F2464631D00E1CD01 /* Products */;
			projectDirPath = "";
			projectRoot = "";
			targets = (
				ADF9392D2464631D00E1CD01 /* Kigo-iPhone */,
			);
		};
/* End PBXProject section */

/* Begin PBXResourcesBuildPhase section */
		ADF9392C2464631D00E1CD01 /* Resources */ = {
			isa = PBXResourcesBuildPhase;
			buildActionMask = 2147483647;
			files = (
				ADF9393E2464632100E1CD01 /* LaunchScreen.storyboard in Resources */,
				ADF9393B2464632100E1CD01 /* Assets.xcassets in Resources */,
				ADC70F11248E9F9D00C88FBF /* PTSans-Bold.ttf in Resources */,
				ADC70F0F248E9F4200C88FBF /* BowlbyOne-Regular.ttf in Resources */,
				ADF939392464631D00E1CD01 /* Main.storyboard in Resources */,
				AD041CAE246DC8D9008308E5 /* GoogleService-Info.plist in Resources */,
				ADC70F13248EA0A100C88FBF /* PTSans-Regular.ttf in Resources */,
				ADC70F15248EAA8C00C88FBF /* SourceSansPro-Bold.ttf in Resources */,
			);
			runOnlyForDeploymentPostprocessing = 0;
		};
/* End PBXResourcesBuildPhase section */

/* Begin PBXShellScriptBuildPhase section */
		70F8C6CD9A9A7DD2D2035796 /* [CP] Check Pods Manifest.lock */ = {
			isa = PBXShellScriptBuildPhase;
			buildActionMask = 2147483647;
			files = (
			);
			inputFileListPaths = (
			);
			inputPaths = (
				"${PODS_PODFILE_DIR_PATH}/Podfile.lock",
				"${PODS_ROOT}/Manifest.lock",
			);
			name = "[CP] Check Pods Manifest.lock";
			outputFileListPaths = (
			);
			outputPaths = (
				"$(DERIVED_FILE_DIR)/Pods-Kigo-iPhone-checkManifestLockResult.txt",
			);
			runOnlyForDeploymentPostprocessing = 0;
			shellPath = /bin/sh;
			shellScript = "diff \"${PODS_PODFILE_DIR_PATH}/Podfile.lock\" \"${PODS_ROOT}/Manifest.lock\" > /dev/null\nif [ $? != 0 ] ; then\n    # print error to STDERR\n    echo \"error: The sandbox is not in sync with the Podfile.lock. Run 'pod install' or update your CocoaPods installation.\" >&2\n    exit 1\nfi\n# This output is used by Xcode 'outputs' to avoid re-running this script phase.\necho \"SUCCESS\" > \"${SCRIPT_OUTPUT_FILE_0}\"\n";
			showEnvVarsInLog = 0;
		};
		94757A87CBE743523DE2C7A7 /* [CP] Embed Pods Frameworks */ = {
			isa = PBXShellScriptBuildPhase;
			buildActionMask = 2147483647;
			files = (
			);
			inputFileListPaths = (
				"${PODS_ROOT}/Target Support Files/Pods-Kigo-iPhone/Pods-Kigo-iPhone-frameworks-${CONFIGURATION}-input-files.xcfilelist",
			);
			name = "[CP] Embed Pods Frameworks";
			outputFileListPaths = (
				"${PODS_ROOT}/Target Support Files/Pods-Kigo-iPhone/Pods-Kigo-iPhone-frameworks-${CONFIGURATION}-output-files.xcfilelist",
			);
			runOnlyForDeploymentPostprocessing = 0;
			shellPath = /bin/sh;
			shellScript = "\"${PODS_ROOT}/Target Support Files/Pods-Kigo-iPhone/Pods-Kigo-iPhone-frameworks.sh\"\n";
			showEnvVarsInLog = 0;
		};
/* End PBXShellScriptBuildPhase section */

/* Begin PBXSourcesBuildPhase section */
		ADF9392A2464631D00E1CD01 /* Sources */ = {
			isa = PBXSourcesBuildPhase;
			buildActionMask = 2147483647;
			files = (
				ADF9395B24646E7F00E1CD01 /* AgesViewController.swift in Sources */,
				AD5DFCDF246C89150067ACBF /* EditChildViewController.swift in Sources */,
				ADF9395224646B7400E1CD01 /* GamesViewController.swift in Sources */,
				AD73E8B724655E330079F025 /* NamesTableViewCell.swift in Sources */,
				ADF9394924646AF200E1CD01 /* InstallationViewController.swift in Sources */,
				AD5DFCD8246C81AD0067ACBF /* GameViewController.swift in Sources */,
				ADF939362464631D00E1CD01 /* HomeViewController.swift in Sources */,
				ADF939322464631D00E1CD01 /* AppDelegate.swift in Sources */,
				ADF9395724646E4E00E1CD01 /* NumberViewController.swift in Sources */,
				ADADD038248FBE9E00AFDF77 /* TravelTableViewCell.swift in Sources */,
				ADADD0432490C06400AFDF77 /* SleepService.swift in Sources */,
				AD5DFCDB246C85F80067ACBF /* ChildrenTableViewCell.swift in Sources */,
				ADADD041249015F800AFDF77 /* Sleep.swift in Sources */,
				AD5DFCD6246C65BB0067ACBF /* TravelViewController.swift in Sources */,
				ADF9395024646B6500E1CD01 /* ChildrenViewController.swift in Sources */,
				ADEA05E4246D440A00901D9E /* GameService.swift in Sources */,
				ADADD03F2490153700AFDF77 /* SleepTableViewCell.swift in Sources */,
				AD5DFCCD246C34EA0067ACBF /* ChildrenService.swift in Sources */,
				ADADD03D248FD15F00AFDF77 /* UIColorExtension.swift in Sources */,
				ADF9394B24646B1800E1CD01 /* MapViewController.swift in Sources */,
				ADF939342464631D00E1CD01 /* SceneDelegate.swift in Sources */,
				ADF9394D24646B2E00E1CD01 /* SettingsViewController.swift in Sources */,
				ADADD03B248FD02800AFDF77 /* utils.swift in Sources */,
				AD6612E42469DE6900E054C3 /* Child.swift in Sources */,
				ADEA05E2246D41C200901D9E /* Game.swift in Sources */,
				ADADD036248FB60600AFDF77 /* SleepViewController.swift in Sources */,
				AD1E06F624656083006DE8EF /* AgesTableViewCell.swift in Sources */,
				ADF9395924646E7200E1CD01 /* NamesViewController.swift in Sources */,
				ADEA05E0246D403000901D9E /* GamesCollectionViewCell.swift in Sources */,
				ADDCC80B248FABED00BF5105 /* CGPointExtensions.swift in Sources */,
				AD6612E9246B3CAE00E054C3 /* InstallationTableViewCell.swift in Sources */,
			);
			runOnlyForDeploymentPostprocessing = 0;
		};
/* End PBXSourcesBuildPhase section */

/* Begin PBXVariantGroup section */
		ADF939372464631D00E1CD01 /* Main.storyboard */ = {
			isa = PBXVariantGroup;
			children = (
				ADF939382464631D00E1CD01 /* Base */,
			);
			name = Main.storyboard;
			sourceTree = "<group>";
		};
		ADF9393C2464632100E1CD01 /* LaunchScreen.storyboard */ = {
			isa = PBXVariantGroup;
			children = (
				ADF9393D2464632100E1CD01 /* Base */,
			);
			name = LaunchScreen.storyboard;
			sourceTree = "<group>";
		};
/* End PBXVariantGroup section */

/* Begin XCBuildConfiguration section */
		ADF939402464632100E1CD01 /* Debug */ = {
			isa = XCBuildConfiguration;
			buildSettings = {
				ALWAYS_SEARCH_USER_PATHS = NO;
				CLANG_ANALYZER_NONNULL = YES;
				CLANG_ANALYZER_NUMBER_OBJECT_CONVERSION = YES_AGGRESSIVE;
				CLANG_CXX_LANGUAGE_STANDARD = "gnu++14";
				CLANG_CXX_LIBRARY = "libc++";
				CLANG_ENABLE_MODULES = YES;
				CLANG_ENABLE_OBJC_ARC = YES;
				CLANG_ENABLE_OBJC_WEAK = YES;
				CLANG_WARN_BLOCK_CAPTURE_AUTORELEASING = YES;
				CLANG_WARN_BOOL_CONVERSION = YES;
				CLANG_WARN_COMMA = YES;
				CLANG_WARN_CONSTANT_CONVERSION = YES;
				CLANG_WARN_DEPRECATED_OBJC_IMPLEMENTATIONS = YES;
				CLANG_WARN_DIRECT_OBJC_ISA_USAGE = YES_ERROR;
				CLANG_WARN_DOCUMENTATION_COMMENTS = YES;
				CLANG_WARN_EMPTY_BODY = YES;
				CLANG_WARN_ENUM_CONVERSION = YES;
				CLANG_WARN_INFINITE_RECURSION = YES;
				CLANG_WARN_INT_CONVERSION = YES;
				CLANG_WARN_NON_LITERAL_NULL_CONVERSION = YES;
				CLANG_WARN_OBJC_IMPLICIT_RETAIN_SELF = YES;
				CLANG_WARN_OBJC_LITERAL_CONVERSION = YES;
				CLANG_WARN_OBJC_ROOT_CLASS = YES_ERROR;
				CLANG_WARN_RANGE_LOOP_ANALYSIS = YES;
				CLANG_WARN_STRICT_PROTOTYPES = YES;
				CLANG_WARN_SUSPICIOUS_MOVE = YES;
				CLANG_WARN_UNGUARDED_AVAILABILITY = YES_AGGRESSIVE;
				CLANG_WARN_UNREACHABLE_CODE = YES;
				CLANG_WARN__DUPLICATE_METHOD_MATCH = YES;
				COPY_PHASE_STRIP = NO;
				DEBUG_INFORMATION_FORMAT = dwarf;
				ENABLE_STRICT_OBJC_MSGSEND = YES;
				ENABLE_TESTABILITY = YES;
				GCC_C_LANGUAGE_STANDARD = gnu11;
				GCC_DYNAMIC_NO_PIC = NO;
				GCC_NO_COMMON_BLOCKS = YES;
				GCC_OPTIMIZATION_LEVEL = 0;
				GCC_PREPROCESSOR_DEFINITIONS = (
					"DEBUG=1",
					"$(inherited)",
				);
				GCC_WARN_64_TO_32_BIT_CONVERSION = YES;
				GCC_WARN_ABOUT_RETURN_TYPE = YES_ERROR;
				GCC_WARN_UNDECLARED_SELECTOR = YES;
				GCC_WARN_UNINITIALIZED_AUTOS = YES_AGGRESSIVE;
				GCC_WARN_UNUSED_FUNCTION = YES;
				GCC_WARN_UNUSED_VARIABLE = YES;
				IPHONEOS_DEPLOYMENT_TARGET = 13.2;
				MTL_ENABLE_DEBUG_INFO = INCLUDE_SOURCE;
				MTL_FAST_MATH = YES;
				ONLY_ACTIVE_ARCH = YES;
				SDKROOT = iphoneos;
				SWIFT_ACTIVE_COMPILATION_CONDITIONS = DEBUG;
				SWIFT_OPTIMIZATION_LEVEL = "-Onone";
			};
			name = Debug;
		};
		ADF939412464632100E1CD01 /* Release */ = {
			isa = XCBuildConfiguration;
			buildSettings = {
				ALWAYS_SEARCH_USER_PATHS = NO;
				CLANG_ANALYZER_NONNULL = YES;
				CLANG_ANALYZER_NUMBER_OBJECT_CONVERSION = YES_AGGRESSIVE;
				CLANG_CXX_LANGUAGE_STANDARD = "gnu++14";
				CLANG_CXX_LIBRARY = "libc++";
				CLANG_ENABLE_MODULES = YES;
				CLANG_ENABLE_OBJC_ARC = YES;
				CLANG_ENABLE_OBJC_WEAK = YES;
				CLANG_WARN_BLOCK_CAPTURE_AUTORELEASING = YES;
				CLANG_WARN_BOOL_CONVERSION = YES;
				CLANG_WARN_COMMA = YES;
				CLANG_WARN_CONSTANT_CONVERSION = YES;
				CLANG_WARN_DEPRECATED_OBJC_IMPLEMENTATIONS = YES;
				CLANG_WARN_DIRECT_OBJC_ISA_USAGE = YES_ERROR;
				CLANG_WARN_DOCUMENTATION_COMMENTS = YES;
				CLANG_WARN_EMPTY_BODY = YES;
				CLANG_WARN_ENUM_CONVERSION = YES;
				CLANG_WARN_INFINITE_RECURSION = YES;
				CLANG_WARN_INT_CONVERSION = YES;
				CLANG_WARN_NON_LITERAL_NULL_CONVERSION = YES;
				CLANG_WARN_OBJC_IMPLICIT_RETAIN_SELF = YES;
				CLANG_WARN_OBJC_LITERAL_CONVERSION = YES;
				CLANG_WARN_OBJC_ROOT_CLASS = YES_ERROR;
				CLANG_WARN_RANGE_LOOP_ANALYSIS = YES;
				CLANG_WARN_STRICT_PROTOTYPES = YES;
				CLANG_WARN_SUSPICIOUS_MOVE = YES;
				CLANG_WARN_UNGUARDED_AVAILABILITY = YES_AGGRESSIVE;
				CLANG_WARN_UNREACHABLE_CODE = YES;
				CLANG_WARN__DUPLICATE_METHOD_MATCH = YES;
				COPY_PHASE_STRIP = NO;
				DEBUG_INFORMATION_FORMAT = "dwarf-with-dsym";
				ENABLE_NS_ASSERTIONS = NO;
				ENABLE_STRICT_OBJC_MSGSEND = YES;
				GCC_C_LANGUAGE_STANDARD = gnu11;
				GCC_NO_COMMON_BLOCKS = YES;
				GCC_WARN_64_TO_32_BIT_CONVERSION = YES;
				GCC_WARN_ABOUT_RETURN_TYPE = YES_ERROR;
				GCC_WARN_UNDECLARED_SELECTOR = YES;
				GCC_WARN_UNINITIALIZED_AUTOS = YES_AGGRESSIVE;
				GCC_WARN_UNUSED_FUNCTION = YES;
				GCC_WARN_UNUSED_VARIABLE = YES;
				IPHONEOS_DEPLOYMENT_TARGET = 13.2;
				MTL_ENABLE_DEBUG_INFO = NO;
				MTL_FAST_MATH = YES;
				SDKROOT = iphoneos;
				SWIFT_COMPILATION_MODE = wholemodule;
				SWIFT_OPTIMIZATION_LEVEL = "-O";
				VALIDATE_PRODUCT = YES;
			};
			name = Release;
		};
		ADF939432464632100E1CD01 /* Debug */ = {
			isa = XCBuildConfiguration;
			baseConfigurationReference = D9924C9975F76644336A9F51 /* Pods-Kigo-iPhone.debug.xcconfig */;
			buildSettings = {
				ASSETCATALOG_COMPILER_APPICON_NAME = AppIcon;
				CODE_SIGN_STYLE = Automatic;
				DEVELOPMENT_TEAM = C54ZD6447P;
				INFOPLIST_FILE = "Kigo-iPhone/Info.plist";
				LD_RUNPATH_SEARCH_PATHS = (
					"$(inherited)",
					"@executable_path/Frameworks",
				);
				PRODUCT_BUNDLE_IDENTIFIER = "blandinf.Kigo-iPhone";
				PRODUCT_NAME = "$(TARGET_NAME)";
				SWIFT_VERSION = 5.0;
				TARGETED_DEVICE_FAMILY = "1,2";
			};
			name = Debug;
		};
		ADF939442464632100E1CD01 /* Release */ = {
			isa = XCBuildConfiguration;
			baseConfigurationReference = C9FFC21DE9F1F6914AD68358 /* Pods-Kigo-iPhone.release.xcconfig */;
			buildSettings = {
				ASSETCATALOG_COMPILER_APPICON_NAME = AppIcon;
				CODE_SIGN_STYLE = Automatic;
				DEVELOPMENT_TEAM = C54ZD6447P;
				INFOPLIST_FILE = "Kigo-iPhone/Info.plist";
				LD_RUNPATH_SEARCH_PATHS = (
					"$(inherited)",
					"@executable_path/Frameworks",
				);
				PRODUCT_BUNDLE_IDENTIFIER = "blandinf.Kigo-iPhone";
				PRODUCT_NAME = "$(TARGET_NAME)";
				SWIFT_VERSION = 5.0;
				TARGETED_DEVICE_FAMILY = "1,2";
			};
			name = Release;
		};
/* End XCBuildConfiguration section */

/* Begin XCConfigurationList section */
		ADF939292464631D00E1CD01 /* Build configuration list for PBXProject "Kigo-iPhone" */ = {
			isa = XCConfigurationList;
			buildConfigurations = (
				ADF939402464632100E1CD01 /* Debug */,
				ADF939412464632100E1CD01 /* Release */,
			);
			defaultConfigurationIsVisible = 0;
			defaultConfigurationName = Release;
		};
		ADF939422464632100E1CD01 /* Build configuration list for PBXNativeTarget "Kigo-iPhone" */ = {
			isa = XCConfigurationList;
			buildConfigurations = (
				ADF939432464632100E1CD01 /* Debug */,
				ADF939442464632100E1CD01 /* Release */,
			);
			defaultConfigurationIsVisible = 0;
			defaultConfigurationName = Release;
		};
/* End XCConfigurationList section */
	};
	rootObject = ADF939262464631D00E1CD01 /* Project object */;
}
