// !$*UTF8*$!
{
	archiveVersion = 1;
	classes = {
	};
	objectVersion = 50;
	objects = {

/* Begin PBXBuildFile section */
		ADF939322464631D00E1CD01 /* AppDelegate.swift in Sources */ = {isa = PBXBuildFile; fileRef = ADF939312464631D00E1CD01 /* AppDelegate.swift */; };
		ADF939342464631D00E1CD01 /* SceneDelegate.swift in Sources */ = {isa = PBXBuildFile; fileRef = ADF939332464631D00E1CD01 /* SceneDelegate.swift */; };
		ADF939362464631D00E1CD01 /* HomeViewController.swift in Sources */ = {isa = PBXBuildFile; fileRef = ADF939352464631D00E1CD01 /* HomeViewController.swift */; };
		ADF939392464631D00E1CD01 /* Main.storyboard in Resources */ = {isa = PBXBuildFile; fileRef = ADF939372464631D00E1CD01 /* Main.storyboard */; };
		ADF9393B2464632100E1CD01 /* Assets.xcassets in Resources */ = {isa = PBXBuildFile; fileRef = ADF9393A2464632100E1CD01 /* Assets.xcassets */; };
		ADF9393E2464632100E1CD01 /* LaunchScreen.storyboard in Resources */ = {isa = PBXBuildFile; fileRef = ADF9393C2464632100E1CD01 /* LaunchScreen.storyboard */; };
		ADF9394924646AF200E1CD01 /* InstallationViewController.swift in Sources */ = {isa = PBXBuildFile; fileRef = ADF9394824646AF200E1CD01 /* InstallationViewController.swift */; };
		ADF9394B24646B1800E1CD01 /* MapViewController.swift in Sources */ = {isa = PBXBuildFile; fileRef = ADF9394A24646B1800E1CD01 /* MapViewController.swift */; };
		ADF9394D24646B2E00E1CD01 /* SettingsViewController.swift in Sources */ = {isa = PBXBuildFile; fileRef = ADF9394C24646B2E00E1CD01 /* SettingsViewController.swift */; };
		ADF9395024646B6500E1CD01 /* ChildrenViewController.swift in Sources */ = {isa = PBXBuildFile; fileRef = ADF9394F24646B6500E1CD01 /* ChildrenViewController.swift */; };
		ADF9395224646B7400E1CD01 /* GamesViewController.swift in Sources */ = {isa = PBXBuildFile; fileRef = ADF9395124646B7400E1CD01 /* GamesViewController.swift */; };
		ADF9395724646E4E00E1CD01 /* NumberViewController.swift in Sources */ = {isa = PBXBuildFile; fileRef = ADF9395624646E4E00E1CD01 /* NumberViewController.swift */; };
		ADF9395924646E7200E1CD01 /* NamesViewController.swift in Sources */ = {isa = PBXBuildFile; fileRef = ADF9395824646E7200E1CD01 /* NamesViewController.swift */; };
		ADF9395B24646E7F00E1CD01 /* AgesViewController.swift in Sources */ = {isa = PBXBuildFile; fileRef = ADF9395A24646E7F00E1CD01 /* AgesViewController.swift */; };
/* End PBXBuildFile section */

/* Begin PBXFileReference section */
		ADF9392E2464631D00E1CD01 /* Kigo-iPhone.app */ = {isa = PBXFileReference; explicitFileType = wrapper.application; includeInIndex = 0; path = "Kigo-iPhone.app"; sourceTree = BUILT_PRODUCTS_DIR; };
		ADF939312464631D00E1CD01 /* AppDelegate.swift */ = {isa = PBXFileReference; lastKnownFileType = sourcecode.swift; path = AppDelegate.swift; sourceTree = "<group>"; };
		ADF939332464631D00E1CD01 /* SceneDelegate.swift */ = {isa = PBXFileReference; lastKnownFileType = sourcecode.swift; path = SceneDelegate.swift; sourceTree = "<group>"; };
		ADF939352464631D00E1CD01 /* HomeViewController.swift */ = {isa = PBXFileReference; lastKnownFileType = sourcecode.swift; path = HomeViewController.swift; sourceTree = "<group>"; };
		ADF939382464631D00E1CD01 /* Base */ = {isa = PBXFileReference; lastKnownFileType = file.storyboard; name = Base; path = Base.lproj/Main.storyboard; sourceTree = "<group>"; };
		ADF9393A2464632100E1CD01 /* Assets.xcassets */ = {isa = PBXFileReference; lastKnownFileType = folder.assetcatalog; path = Assets.xcassets; sourceTree = "<group>"; };
		ADF9393D2464632100E1CD01 /* Base */ = {isa = PBXFileReference; lastKnownFileType = file.storyboard; name = Base; path = Base.lproj/LaunchScreen.storyboard; sourceTree = "<group>"; };
		ADF9393F2464632100E1CD01 /* Info.plist */ = {isa = PBXFileReference; lastKnownFileType = text.plist.xml; path = Info.plist; sourceTree = "<group>"; };
		ADF9394824646AF200E1CD01 /* InstallationViewController.swift */ = {isa = PBXFileReference; lastKnownFileType = sourcecode.swift; path = InstallationViewController.swift; sourceTree = "<group>"; };
		ADF9394A24646B1800E1CD01 /* MapViewController.swift */ = {isa = PBXFileReference; lastKnownFileType = sourcecode.swift; path = MapViewController.swift; sourceTree = "<group>"; };
		ADF9394C24646B2E00E1CD01 /* SettingsViewController.swift */ = {isa = PBXFileReference; lastKnownFileType = sourcecode.swift; path = SettingsViewController.swift; sourceTree = "<group>"; };
		ADF9394F24646B6500E1CD01 /* ChildrenViewController.swift */ = {isa = PBXFileReference; lastKnownFileType = sourcecode.swift; path = ChildrenViewController.swift; sourceTree = "<group>"; };
		ADF9395124646B7400E1CD01 /* GamesViewController.swift */ = {isa = PBXFileReference; lastKnownFileType = sourcecode.swift; path = GamesViewController.swift; sourceTree = "<group>"; };
		ADF9395624646E4E00E1CD01 /* NumberViewController.swift */ = {isa = PBXFileReference; lastKnownFileType = sourcecode.swift; path = NumberViewController.swift; sourceTree = "<group>"; };
		ADF9395824646E7200E1CD01 /* NamesViewController.swift */ = {isa = PBXFileReference; lastKnownFileType = sourcecode.swift; path = NamesViewController.swift; sourceTree = "<group>"; };
		ADF9395A24646E7F00E1CD01 /* AgesViewController.swift */ = {isa = PBXFileReference; lastKnownFileType = sourcecode.swift; path = AgesViewController.swift; sourceTree = "<group>"; };
/* End PBXFileReference section */

/* Begin PBXFrameworksBuildPhase section */
		ADF9392B2464631D00E1CD01 /* Frameworks */ = {
			isa = PBXFrameworksBuildPhase;
			buildActionMask = 2147483647;
			files = (
			);
			runOnlyForDeploymentPostprocessing = 0;
		};
/* End PBXFrameworksBuildPhase section */

/* Begin PBXGroup section */
		ADF939252464631D00E1CD01 = {
			isa = PBXGroup;
			children = (
				ADF939302464631D00E1CD01 /* Kigo-iPhone */,
				ADF9392F2464631D00E1CD01 /* Products */,
			);
			sourceTree = "<group>";
		};
		ADF9392F2464631D00E1CD01 /* Products */ = {
			isa = PBXGroup;
			children = (
				ADF9392E2464631D00E1CD01 /* Kigo-iPhone.app */,
			);
			name = Products;
			sourceTree = "<group>";
		};
		ADF939302464631D00E1CD01 /* Kigo-iPhone */ = {
			isa = PBXGroup;
			children = (
				ADF9394524646AA100E1CD01 /* controllers */,
				ADF939312464631D00E1CD01 /* AppDelegate.swift */,
				ADF939332464631D00E1CD01 /* SceneDelegate.swift */,
				ADF939372464631D00E1CD01 /* Main.storyboard */,
				ADF9393A2464632100E1CD01 /* Assets.xcassets */,
				ADF9393C2464632100E1CD01 /* LaunchScreen.storyboard */,
				ADF9393F2464632100E1CD01 /* Info.plist */,
			);
			path = "Kigo-iPhone";
			sourceTree = "<group>";
		};
		ADF9394524646AA100E1CD01 /* controllers */ = {
			isa = PBXGroup;
			children = (
				ADF9395424646E1600E1CD01 /* configuration */,
				ADF9395324646E0B00E1CD01 /* trip */,
				ADF9394E24646B5000E1CD01 /* settings */,
				ADF939352464631D00E1CD01 /* HomeViewController.swift */,
			);
			path = controllers;
			sourceTree = "<group>";
		};
		ADF9394E24646B5000E1CD01 /* settings */ = {
			isa = PBXGroup;
			children = (
				ADF9394C24646B2E00E1CD01 /* SettingsViewController.swift */,
				ADF9394F24646B6500E1CD01 /* ChildrenViewController.swift */,
				ADF9395124646B7400E1CD01 /* GamesViewController.swift */,
			);
			path = settings;
			sourceTree = "<group>";
		};
		ADF9395324646E0B00E1CD01 /* trip */ = {
			isa = PBXGroup;
			children = (
				ADF9394824646AF200E1CD01 /* InstallationViewController.swift */,
				ADF9394A24646B1800E1CD01 /* MapViewController.swift */,
			);
			path = trip;
			sourceTree = "<group>";
		};
		ADF9395424646E1600E1CD01 /* configuration */ = {
			isa = PBXGroup;
			children = (
				ADF9395524646E3800E1CD01 /* children */,
			);
			path = configuration;
			sourceTree = "<group>";
		};
		ADF9395524646E3800E1CD01 /* children */ = {
			isa = PBXGroup;
			children = (
				ADF9395624646E4E00E1CD01 /* NumberViewController.swift */,
				ADF9395824646E7200E1CD01 /* NamesViewController.swift */,
				ADF9395A24646E7F00E1CD01 /* AgesViewController.swift */,
			);
			path = children;
			sourceTree = "<group>";
		};
/* End PBXGroup section */

/* Begin PBXNativeTarget section */
		ADF9392D2464631D00E1CD01 /* Kigo-iPhone */ = {
			isa = PBXNativeTarget;
			buildConfigurationList = ADF939422464632100E1CD01 /* Build configuration list for PBXNativeTarget "Kigo-iPhone" */;
			buildPhases = (
				ADF9392A2464631D00E1CD01 /* Sources */,
				ADF9392B2464631D00E1CD01 /* Frameworks */,
				ADF9392C2464631D00E1CD01 /* Resources */,
			);
			buildRules = (
			);
			dependencies = (
			);
			name = "Kigo-iPhone";
			productName = "Kigo-iPhone";
			productReference = ADF9392E2464631D00E1CD01 /* Kigo-iPhone.app */;
			productType = "com.apple.product-type.application";
		};
/* End PBXNativeTarget section */

/* Begin PBXProject section */
		ADF939262464631D00E1CD01 /* Project object */ = {
			isa = PBXProject;
			attributes = {
				LastSwiftUpdateCheck = 1130;
				LastUpgradeCheck = 1130;
				ORGANIZATIONNAME = blandinf;
				TargetAttributes = {
					ADF9392D2464631D00E1CD01 = {
						CreatedOnToolsVersion = 11.3.1;
					};
				};
			};
			buildConfigurationList = ADF939292464631D00E1CD01 /* Build configuration list for PBXProject "Kigo-iPhone" */;
			compatibilityVersion = "Xcode 9.3";
			developmentRegion = en;
			hasScannedForEncodings = 0;
			knownRegions = (
				en,
				Base,
			);
			mainGroup = ADF939252464631D00E1CD01;
			productRefGroup = ADF9392F2464631D00E1CD01 /* Products */;
			projectDirPath = "";
			projectRoot = "";
			targets = (
				ADF9392D2464631D00E1CD01 /* Kigo-iPhone */,
			);
		};
/* End PBXProject section */

/* Begin PBXResourcesBuildPhase section */
		ADF9392C2464631D00E1CD01 /* Resources */ = {
			isa = PBXResourcesBuildPhase;
			buildActionMask = 2147483647;
			files = (
				ADF9393E2464632100E1CD01 /* LaunchScreen.storyboard in Resources */,
				ADF9393B2464632100E1CD01 /* Assets.xcassets in Resources */,
				ADF939392464631D00E1CD01 /* Main.storyboard in Resources */,
			);
			runOnlyForDeploymentPostprocessing = 0;
		};
/* End PBXResourcesBuildPhase section */

/* Begin PBXSourcesBuildPhase section */
		ADF9392A2464631D00E1CD01 /* Sources */ = {
			isa = PBXSourcesBuildPhase;
			buildActionMask = 2147483647;
			files = (
				ADF9395B24646E7F00E1CD01 /* AgesViewController.swift in Sources */,
				ADF9395224646B7400E1CD01 /* GamesViewController.swift in Sources */,
				ADF9394924646AF200E1CD01 /* InstallationViewController.swift in Sources */,
				ADF939362464631D00E1CD01 /* HomeViewController.swift in Sources */,
				ADF939322464631D00E1CD01 /* AppDelegate.swift in Sources */,
				ADF9395724646E4E00E1CD01 /* NumberViewController.swift in Sources */,
				ADF9395024646B6500E1CD01 /* ChildrenViewController.swift in Sources */,
				ADF9394B24646B1800E1CD01 /* MapViewController.swift in Sources */,
				ADF939342464631D00E1CD01 /* SceneDelegate.swift in Sources */,
				ADF9394D24646B2E00E1CD01 /* SettingsViewController.swift in Sources */,
				ADF9395924646E7200E1CD01 /* NamesViewController.swift in Sources */,
			);
			runOnlyForDeploymentPostprocessing = 0;
		};
/* End PBXSourcesBuildPhase section */

/* Begin PBXVariantGroup section */
		ADF939372464631D00E1CD01 /* Main.storyboard */ = {
			isa = PBXVariantGroup;
			children = (
				ADF939382464631D00E1CD01 /* Base */,
			);
			name = Main.storyboard;
			sourceTree = "<group>";
		};
		ADF9393C2464632100E1CD01 /* LaunchScreen.storyboard */ = {
			isa = PBXVariantGroup;
			children = (
				ADF9393D2464632100E1CD01 /* Base */,
			);
			name = LaunchScreen.storyboard;
			sourceTree = "<group>";
		};
/* End PBXVariantGroup section */

/* Begin XCBuildConfiguration section */
		ADF939402464632100E1CD01 /* Debug */ = {
			isa = XCBuildConfiguration;
			buildSettings = {
				ALWAYS_SEARCH_USER_PATHS = NO;
				CLANG_ANALYZER_NONNULL = YES;
				CLANG_ANALYZER_NUMBER_OBJECT_CONVERSION = YES_AGGRESSIVE;
				CLANG_CXX_LANGUAGE_STANDARD = "gnu++14";
				CLANG_CXX_LIBRARY = "libc++";
				CLANG_ENABLE_MODULES = YES;
				CLANG_ENABLE_OBJC_ARC = YES;
				CLANG_ENABLE_OBJC_WEAK = YES;
				CLANG_WARN_BLOCK_CAPTURE_AUTORELEASING = YES;
				CLANG_WARN_BOOL_CONVERSION = YES;
				CLANG_WARN_COMMA = YES;
				CLANG_WARN_CONSTANT_CONVERSION = YES;
				CLANG_WARN_DEPRECATED_OBJC_IMPLEMENTATIONS = YES;
				CLANG_WARN_DIRECT_OBJC_ISA_USAGE = YES_ERROR;
				CLANG_WARN_DOCUMENTATION_COMMENTS = YES;
				CLANG_WARN_EMPTY_BODY = YES;
				CLANG_WARN_ENUM_CONVERSION = YES;
				CLANG_WARN_INFINITE_RECURSION = YES;
				CLANG_WARN_INT_CONVERSION = YES;
				CLANG_WARN_NON_LITERAL_NULL_CONVERSION = YES;
				CLANG_WARN_OBJC_IMPLICIT_RETAIN_SELF = YES;
				CLANG_WARN_OBJC_LITERAL_CONVERSION = YES;
				CLANG_WARN_OBJC_ROOT_CLASS = YES_ERROR;
				CLANG_WARN_RANGE_LOOP_ANALYSIS = YES;
				CLANG_WARN_STRICT_PROTOTYPES = YES;
				CLANG_WARN_SUSPICIOUS_MOVE = YES;
				CLANG_WARN_UNGUARDED_AVAILABILITY = YES_AGGRESSIVE;
				CLANG_WARN_UNREACHABLE_CODE = YES;
				CLANG_WARN__DUPLICATE_METHOD_MATCH = YES;
				COPY_PHASE_STRIP = NO;
				DEBUG_INFORMATION_FORMAT = dwarf;
				ENABLE_STRICT_OBJC_MSGSEND = YES;
				ENABLE_TESTABILITY = YES;
				GCC_C_LANGUAGE_STANDARD = gnu11;
				GCC_DYNAMIC_NO_PIC = NO;
				GCC_NO_COMMON_BLOCKS = YES;
				GCC_OPTIMIZATION_LEVEL = 0;
				GCC_PREPROCESSOR_DEFINITIONS = (
					"DEBUG=1",
					"$(inherited)",
				);
				GCC_WARN_64_TO_32_BIT_CONVERSION = YES;
				GCC_WARN_ABOUT_RETURN_TYPE = YES_ERROR;
				GCC_WARN_UNDECLARED_SELECTOR = YES;
				GCC_WARN_UNINITIALIZED_AUTOS = YES_AGGRESSIVE;
				GCC_WARN_UNUSED_FUNCTION = YES;
				GCC_WARN_UNUSED_VARIABLE = YES;
				IPHONEOS_DEPLOYMENT_TARGET = 13.2;
				MTL_ENABLE_DEBUG_INFO = INCLUDE_SOURCE;
				MTL_FAST_MATH = YES;
				ONLY_ACTIVE_ARCH = YES;
				SDKROOT = iphoneos;
				SWIFT_ACTIVE_COMPILATION_CONDITIONS = DEBUG;
				SWIFT_OPTIMIZATION_LEVEL = "-Onone";
			};
			name = Debug;
		};
		ADF939412464632100E1CD01 /* Release */ = {
			isa = XCBuildConfiguration;
			buildSettings = {
				ALWAYS_SEARCH_USER_PATHS = NO;
				CLANG_ANALYZER_NONNULL = YES;
				CLANG_ANALYZER_NUMBER_OBJECT_CONVERSION = YES_AGGRESSIVE;
				CLANG_CXX_LANGUAGE_STANDARD = "gnu++14";
				CLANG_CXX_LIBRARY = "libc++";
				CLANG_ENABLE_MODULES = YES;
				CLANG_ENABLE_OBJC_ARC = YES;
				CLANG_ENABLE_OBJC_WEAK = YES;
				CLANG_WARN_BLOCK_CAPTURE_AUTORELEASING = YES;
				CLANG_WARN_BOOL_CONVERSION = YES;
				CLANG_WARN_COMMA = YES;
				CLANG_WARN_CONSTANT_CONVERSION = YES;
				CLANG_WARN_DEPRECATED_OBJC_IMPLEMENTATIONS = YES;
				CLANG_WARN_DIRECT_OBJC_ISA_USAGE = YES_ERROR;
				CLANG_WARN_DOCUMENTATION_COMMENTS = YES;
				CLANG_WARN_EMPTY_BODY = YES;
				CLANG_WARN_ENUM_CONVERSION = YES;
				CLANG_WARN_INFINITE_RECURSION = YES;
				CLANG_WARN_INT_CONVERSION = YES;
				CLANG_WARN_NON_LITERAL_NULL_CONVERSION = YES;
				CLANG_WARN_OBJC_IMPLICIT_RETAIN_SELF = YES;
				CLANG_WARN_OBJC_LITERAL_CONVERSION = YES;
				CLANG_WARN_OBJC_ROOT_CLASS = YES_ERROR;
				CLANG_WARN_RANGE_LOOP_ANALYSIS = YES;
				CLANG_WARN_STRICT_PROTOTYPES = YES;
				CLANG_WARN_SUSPICIOUS_MOVE = YES;
				CLANG_WARN_UNGUARDED_AVAILABILITY = YES_AGGRESSIVE;
				CLANG_WARN_UNREACHABLE_CODE = YES;
				CLANG_WARN__DUPLICATE_METHOD_MATCH = YES;
				COPY_PHASE_STRIP = NO;
				DEBUG_INFORMATION_FORMAT = "dwarf-with-dsym";
				ENABLE_NS_ASSERTIONS = NO;
				ENABLE_STRICT_OBJC_MSGSEND = YES;
				GCC_C_LANGUAGE_STANDARD = gnu11;
				GCC_NO_COMMON_BLOCKS = YES;
				GCC_WARN_64_TO_32_BIT_CONVERSION = YES;
				GCC_WARN_ABOUT_RETURN_TYPE = YES_ERROR;
				GCC_WARN_UNDECLARED_SELECTOR = YES;
				GCC_WARN_UNINITIALIZED_AUTOS = YES_AGGRESSIVE;
				GCC_WARN_UNUSED_FUNCTION = YES;
				GCC_WARN_UNUSED_VARIABLE = YES;
				IPHONEOS_DEPLOYMENT_TARGET = 13.2;
				MTL_ENABLE_DEBUG_INFO = NO;
				MTL_FAST_MATH = YES;
				SDKROOT = iphoneos;
				SWIFT_COMPILATION_MODE = wholemodule;
				SWIFT_OPTIMIZATION_LEVEL = "-O";
				VALIDATE_PRODUCT = YES;
			};
			name = Release;
		};
		ADF939432464632100E1CD01 /* Debug */ = {
			isa = XCBuildConfiguration;
			buildSettings = {
				ASSETCATALOG_COMPILER_APPICON_NAME = AppIcon;
				CODE_SIGN_STYLE = Automatic;
				DEVELOPMENT_TEAM = C54ZD6447P;
				INFOPLIST_FILE = "Kigo-iPhone/Info.plist";
				LD_RUNPATH_SEARCH_PATHS = (
					"$(inherited)",
					"@executable_path/Frameworks",
				);
				PRODUCT_BUNDLE_IDENTIFIER = "blandinf.Kigo-iPhone";
				PRODUCT_NAME = "$(TARGET_NAME)";
				SWIFT_VERSION = 5.0;
				TARGETED_DEVICE_FAMILY = "1,2";
			};
			name = Debug;
		};
		ADF939442464632100E1CD01 /* Release */ = {
			isa = XCBuildConfiguration;
			buildSettings = {
				ASSETCATALOG_COMPILER_APPICON_NAME = AppIcon;
				CODE_SIGN_STYLE = Automatic;
				DEVELOPMENT_TEAM = C54ZD6447P;
				INFOPLIST_FILE = "Kigo-iPhone/Info.plist";
				LD_RUNPATH_SEARCH_PATHS = (
					"$(inherited)",
					"@executable_path/Frameworks",
				);
				PRODUCT_BUNDLE_IDENTIFIER = "blandinf.Kigo-iPhone";
				PRODUCT_NAME = "$(TARGET_NAME)";
				SWIFT_VERSION = 5.0;
				TARGETED_DEVICE_FAMILY = "1,2";
			};
			name = Release;
		};
/* End XCBuildConfiguration section */

/* Begin XCConfigurationList section */
		ADF939292464631D00E1CD01 /* Build configuration list for PBXProject "Kigo-iPhone" */ = {
			isa = XCConfigurationList;
			buildConfigurations = (
				ADF939402464632100E1CD01 /* Debug */,
				ADF939412464632100E1CD01 /* Release */,
			);
			defaultConfigurationIsVisible = 0;
			defaultConfigurationName = Release;
		};
		ADF939422464632100E1CD01 /* Build configuration list for PBXNativeTarget "Kigo-iPhone" */ = {
			isa = XCConfigurationList;
			buildConfigurations = (
				ADF939432464632100E1CD01 /* Debug */,
				ADF939442464632100E1CD01 /* Release */,
			);
			defaultConfigurationIsVisible = 0;
			defaultConfigurationName = Release;
		};
/* End XCConfigurationList section */
	};
	rootObject = ADF939262464631D00E1CD01 /* Project object */;
}
